
Microsoft Visual Studio Solution File, Format Version 12.00
# Visual Studio Version 17
VisualStudioVersion = 17.1.32210.238
MinimumVisualStudioVersion = 10.0.40219.1
Project("{FAE04EC0-301F-11D3-BF4B-00C04F79EFBC}") = "Fiorello", "Fiorello\Fiorello.csproj", "{E492E978-40A3-4772-B918-FF1CB0BB2FE1}"
EndProject
Global
	GlobalSection(SolutionConfigurationPlatforms) = preSolution
		Debug|Any CPU = Debug|Any CPU
		Release|Any CPU = Release|Any CPU
	EndGlobalSection
	GlobalSection(ProjectConfigurationPlatforms) = postSolution
		{E492E978-40A3-4772-B918-FF1CB0BB2FE1}.Debug|Any CPU.ActiveCfg = Debug|Any CPU
		{E492E978-40A3-4772-B918-FF1CB0BB2FE1}.Debug|Any CPU.Build.0 = Debug|Any CPU
		{E492E978-40A3-4772-B918-FF1CB0BB2FE1}.Release|Any CPU.ActiveCfg = Release|Any CPU
		{E492E978-40A3-4772-B918-FF1CB0BB2FE1}.Release|Any CPU.Build.0 = Release|Any CPU
	EndGlobalSection
	GlobalSection(SolutionProperties) = preSolution
		HideSolutionNode = FALSE
	EndGlobalSection
	GlobalSection(ExtensibilityGlobals) = postSolution
		SolutionGuid = {D2B5E54B-681D-4E4B-81FA-267254AA7C45}
	EndGlobalSection
EndGlobal
